
Microsoft Visual Studio Solution File, Format Version 12.00
# Visual Studio 14
VisualStudioVersion = 14.0.25123.0
MinimumVisualStudioVersion = 10.0.40219.1
Project("{CA58D547-68F1-47A6-A4BD-7DB1BF85B0AD}") = "Sitecore.Support.377674", "Sitecore.Support.377674\Sitecore.Support.377674.csproj", "{506C69F7-8C9B-4DB5-BDCE-8C80FEC99A42}"
EndProject
Global
	GlobalSection(SolutionConfigurationPlatforms) = preSolution
		Debug|Any CPU = Debug|Any CPU
		Release|Any CPU = Release|Any CPU
	EndGlobalSection
	GlobalSection(ProjectConfigurationPlatforms) = postSolution
		{506C69F7-8C9B-4DB5-BDCE-8C80FEC99A42}.Debug|Any CPU.ActiveCfg = Debug|Any CPU
		{506C69F7-8C9B-4DB5-BDCE-8C80FEC99A42}.Debug|Any CPU.Build.0 = Debug|Any CPU
		{506C69F7-8C9B-4DB5-BDCE-8C80FEC99A42}.Release|Any CPU.ActiveCfg = Release|Any CPU
		{506C69F7-8C9B-4DB5-BDCE-8C80FEC99A42}.Release|Any CPU.Build.0 = Release|Any CPU
	EndGlobalSection
	GlobalSection(SolutionProperties) = preSolution
		HideSolutionNode = FALSE
	EndGlobalSection
EndGlobal
